
Microsoft Visual Studio Solution File, Format Version 12.00
# Visual Studio Version 17
VisualStudioVersion = 17.5.33530.505
MinimumVisualStudioVersion = 10.0.40219.1
Project("{FAE04EC0-301F-11D3-BF4B-00C04F79EFBC}") = "diagonal_negativos", "diagonal_negativos\diagonal_negativos.csproj", "{47C159E7-5A6C-4821-A4F7-A50E19E1002F}"
EndProject
Global
	GlobalSection(SolutionConfigurationPlatforms) = preSolution
		Debug|Any CPU = Debug|Any CPU
		Release|Any CPU = Release|Any CPU
	EndGlobalSection
	GlobalSection(ProjectConfigurationPlatforms) = postSolution
		{47C159E7-5A6C-4821-A4F7-A50E19E1002F}.Debug|Any CPU.ActiveCfg = Debug|Any CPU
		{47C159E7-5A6C-4821-A4F7-A50E19E1002F}.Debug|Any CPU.Build.0 = Debug|Any CPU
		{47C159E7-5A6C-4821-A4F7-A50E19E1002F}.Release|Any CPU.ActiveCfg = Release|Any CPU
		{47C159E7-5A6C-4821-A4F7-A50E19E1002F}.Release|Any CPU.Build.0 = Release|Any CPU
	EndGlobalSection
	GlobalSection(SolutionProperties) = preSolution
		HideSolutionNode = FALSE
	EndGlobalSection
	GlobalSection(ExtensibilityGlobals) = postSolution
		SolutionGuid = {C091B5F7-2BF4-4ABC-A73C-F1E26B84D018}
	EndGlobalSection
EndGlobal
