
Microsoft Visual Studio Solution File, Format Version 12.00
# Visual Studio Version 17
VisualStudioVersion = 17.5.33530.505
MinimumVisualStudioVersion = 10.0.40219.1
Project("{FAE04EC0-301F-11D3-BF4B-00C04F79EFBC}") = "menor-de-tres", "menor-de-tres\menor-de-tres.csproj", "{69ABB32C-7EF7-445A-89F9-9BD61D0544BA}"
EndProject
Global
	GlobalSection(SolutionConfigurationPlatforms) = preSolution
		Debug|Any CPU = Debug|Any CPU
		Release|Any CPU = Release|Any CPU
	EndGlobalSection
	GlobalSection(ProjectConfigurationPlatforms) = postSolution
		{69ABB32C-7EF7-445A-89F9-9BD61D0544BA}.Debug|Any CPU.ActiveCfg = Debug|Any CPU
		{69ABB32C-7EF7-445A-89F9-9BD61D0544BA}.Debug|Any CPU.Build.0 = Debug|Any CPU
		{69ABB32C-7EF7-445A-89F9-9BD61D0544BA}.Release|Any CPU.ActiveCfg = Release|Any CPU
		{69ABB32C-7EF7-445A-89F9-9BD61D0544BA}.Release|Any CPU.Build.0 = Release|Any CPU
	EndGlobalSection
	GlobalSection(SolutionProperties) = preSolution
		HideSolutionNode = FALSE
	EndGlobalSection
	GlobalSection(ExtensibilityGlobals) = postSolution
		SolutionGuid = {8B8BD129-F9EE-4BBB-BCA3-BE7BEC53AEF6}
	EndGlobalSection
EndGlobal
